
Microsoft Visual Studio Solution File, Format Version 12.00
# Visual Studio 14
VisualStudioVersion = 14.0.24720.0
MinimumVisualStudioVersion = 10.0.40219.1
Project("{2150E333-8FDC-42A3-9474-1A3956D46DE8}") = "src", "src", "{12CB70E9-035F-40EC-B705-A96C36667E57}"
EndProject
Project("{2150E333-8FDC-42A3-9474-1A3956D46DE8}") = "Solution Items", "Solution Items", "{2321D2C4-89C0-4CA1-A359-0C8847114F22}"
	ProjectSection(SolutionItems) = preProject
		global.json = global.json
	EndProjectSection
EndProject
Project("{8BB2217D-0F2D-49D1-97BC-3654ED321F3B}") = "RootApp", "src\RootApp\RootApp.xproj", "{28C0A79F-CD72-42CE-8653-7262B82B5AA7}"
EndProject
Project("{8BB2217D-0F2D-49D1-97BC-3654ED321F3B}") = "DBDeploy.Core", "src\DBDeploy.Core\DBDeploy.Core.xproj", "{B37A344A-9D96-4D31-AA9D-70B4D1B47698}"
EndProject
Project("{8BB2217D-0F2D-49D1-97BC-3654ED321F3B}") = "DBDeploy.Console", "src\DBDeploy.Console\DBDeploy.Console.xproj", "{0C2961CE-7AE3-45C6-A257-4EBC554E75F0}"
EndProject
Project("{8BB2217D-0F2D-49D1-97BC-3654ED321F3B}") = "DBDeploy.App", "src\DBDeploy.App\DBDeploy.App.xproj", "{4383E6DC-1FE9-4C27-8A38-CA8524F8B8BC}"
EndProject
Project("{2150E333-8FDC-42A3-9474-1A3956D46DE8}") = "DBDeploy", "DBDeploy", "{BB56811E-6E76-47F8-AD24-001BF5ABE35C}"
EndProject
Project("{2150E333-8FDC-42A3-9474-1A3956D46DE8}") = "Modules", "Modules", "{14479402-A00E-4CBB-8BD1-1DDB211BF442}"
EndProject
Project("{2150E333-8FDC-42A3-9474-1A3956D46DE8}") = "cms", "cms", "{F3D45E2E-729E-4796-B24D-09C31CB1F748}"
EndProject
Project("{8BB2217D-0F2D-49D1-97BC-3654ED321F3B}") = "Modules.Core", "src\Modules.Core\Modules.Core.xproj", "{2A4DCCD1-BD88-4524-A567-D7D1B7C7616D}"
EndProject
Project("{8BB2217D-0F2D-49D1-97BC-3654ED321F3B}") = "Modules.CMS.Web", "src\Modules.CMS.Web\Modules.CMS.Web.xproj", "{D09B85D2-1790-4BA2-A239-FFEA00448557}"
EndProject
Global
	GlobalSection(SolutionConfigurationPlatforms) = preSolution
		Debug|Any CPU = Debug|Any CPU
		Release|Any CPU = Release|Any CPU
	EndGlobalSection
	GlobalSection(ProjectConfigurationPlatforms) = postSolution
		{28C0A79F-CD72-42CE-8653-7262B82B5AA7}.Debug|Any CPU.ActiveCfg = Debug|Any CPU
		{28C0A79F-CD72-42CE-8653-7262B82B5AA7}.Debug|Any CPU.Build.0 = Debug|Any CPU
		{28C0A79F-CD72-42CE-8653-7262B82B5AA7}.Release|Any CPU.ActiveCfg = Release|Any CPU
		{28C0A79F-CD72-42CE-8653-7262B82B5AA7}.Release|Any CPU.Build.0 = Release|Any CPU
		{B37A344A-9D96-4D31-AA9D-70B4D1B47698}.Debug|Any CPU.ActiveCfg = Debug|Any CPU
		{B37A344A-9D96-4D31-AA9D-70B4D1B47698}.Debug|Any CPU.Build.0 = Debug|Any CPU
		{B37A344A-9D96-4D31-AA9D-70B4D1B47698}.Release|Any CPU.ActiveCfg = Release|Any CPU
		{B37A344A-9D96-4D31-AA9D-70B4D1B47698}.Release|Any CPU.Build.0 = Release|Any CPU
		{0C2961CE-7AE3-45C6-A257-4EBC554E75F0}.Debug|Any CPU.ActiveCfg = Debug|Any CPU
		{0C2961CE-7AE3-45C6-A257-4EBC554E75F0}.Debug|Any CPU.Build.0 = Debug|Any CPU
		{0C2961CE-7AE3-45C6-A257-4EBC554E75F0}.Release|Any CPU.ActiveCfg = Release|Any CPU
		{0C2961CE-7AE3-45C6-A257-4EBC554E75F0}.Release|Any CPU.Build.0 = Release|Any CPU
		{4383E6DC-1FE9-4C27-8A38-CA8524F8B8BC}.Debug|Any CPU.ActiveCfg = Debug|Any CPU
		{4383E6DC-1FE9-4C27-8A38-CA8524F8B8BC}.Debug|Any CPU.Build.0 = Debug|Any CPU
		{4383E6DC-1FE9-4C27-8A38-CA8524F8B8BC}.Release|Any CPU.ActiveCfg = Release|Any CPU
		{4383E6DC-1FE9-4C27-8A38-CA8524F8B8BC}.Release|Any CPU.Build.0 = Release|Any CPU
		{2A4DCCD1-BD88-4524-A567-D7D1B7C7616D}.Debug|Any CPU.ActiveCfg = Debug|Any CPU
		{2A4DCCD1-BD88-4524-A567-D7D1B7C7616D}.Debug|Any CPU.Build.0 = Debug|Any CPU
		{2A4DCCD1-BD88-4524-A567-D7D1B7C7616D}.Release|Any CPU.ActiveCfg = Release|Any CPU
		{2A4DCCD1-BD88-4524-A567-D7D1B7C7616D}.Release|Any CPU.Build.0 = Release|Any CPU
		{D09B85D2-1790-4BA2-A239-FFEA00448557}.Debug|Any CPU.ActiveCfg = Debug|Any CPU
		{D09B85D2-1790-4BA2-A239-FFEA00448557}.Debug|Any CPU.Build.0 = Debug|Any CPU
		{D09B85D2-1790-4BA2-A239-FFEA00448557}.Release|Any CPU.ActiveCfg = Release|Any CPU
		{D09B85D2-1790-4BA2-A239-FFEA00448557}.Release|Any CPU.Build.0 = Release|Any CPU
	EndGlobalSection
	GlobalSection(SolutionProperties) = preSolution
		HideSolutionNode = FALSE
	EndGlobalSection
	GlobalSection(NestedProjects) = preSolution
		{28C0A79F-CD72-42CE-8653-7262B82B5AA7} = {12CB70E9-035F-40EC-B705-A96C36667E57}
		{B37A344A-9D96-4D31-AA9D-70B4D1B47698} = {BB56811E-6E76-47F8-AD24-001BF5ABE35C}
		{0C2961CE-7AE3-45C6-A257-4EBC554E75F0} = {BB56811E-6E76-47F8-AD24-001BF5ABE35C}
		{4383E6DC-1FE9-4C27-8A38-CA8524F8B8BC} = {BB56811E-6E76-47F8-AD24-001BF5ABE35C}
		{BB56811E-6E76-47F8-AD24-001BF5ABE35C} = {12CB70E9-035F-40EC-B705-A96C36667E57}
		{14479402-A00E-4CBB-8BD1-1DDB211BF442} = {12CB70E9-035F-40EC-B705-A96C36667E57}
		{F3D45E2E-729E-4796-B24D-09C31CB1F748} = {14479402-A00E-4CBB-8BD1-1DDB211BF442}
		{2A4DCCD1-BD88-4524-A567-D7D1B7C7616D} = {14479402-A00E-4CBB-8BD1-1DDB211BF442}
		{D09B85D2-1790-4BA2-A239-FFEA00448557} = {F3D45E2E-729E-4796-B24D-09C31CB1F748}
	EndGlobalSection
EndGlobal
